
Microsoft Visual Studio Solution File, Format Version 12.00
# Visual Studio Version 17
VisualStudioVersion = 17.6.33513.286
MinimumVisualStudioVersion = 10.0.40219.1
Project("{FAE04EC0-301F-11D3-BF4B-00C04F79EFBC}") = "ResourceExplorer", "ResourceExplorer.csproj", "{44190496-0473-4045-A3DB-693A64923C84}"
EndProject
Global
	GlobalSection(SolutionConfigurationPlatforms) = preSolution
		Debug|Any CPU = Debug|Any CPU
		Release|Any CPU = Release|Any CPU
	EndGlobalSection
	GlobalSection(ProjectConfigurationPlatforms) = postSolution
		{44190496-0473-4045-A3DB-693A64923C84}.Debug|Any CPU.ActiveCfg = Debug|Any CPU
		{44190496-0473-4045-A3DB-693A64923C84}.Debug|Any CPU.Build.0 = Debug|Any CPU
		{44190496-0473-4045-A3DB-693A64923C84}.Release|Any CPU.ActiveCfg = Release|Any CPU
		{44190496-0473-4045-A3DB-693A64923C84}.Release|Any CPU.Build.0 = Release|Any CPU
	EndGlobalSection
	GlobalSection(SolutionProperties) = preSolution
		HideSolutionNode = FALSE
	EndGlobalSection
	GlobalSection(ExtensibilityGlobals) = postSolution
		SolutionGuid = {042CD835-C113-49CD-AB22-3BC789635102}
	EndGlobalSection
EndGlobal
